
Microsoft Visual Studio Solution File, Format Version 12.00
# Visual Studio Version 16
VisualStudioVersion = 16.0.32630.194
MinimumVisualStudioVersion = 10.0.40219.1
Project("{9A19103F-16F7-4668-BE54-9A1E7A4F7556}") = "DataAccess", "DataAccess\DataAccess.csproj", "{7B846AE2-BDB7-4F5E-9FCB-2623BB9A791B}"
EndProject
Project("{9A19103F-16F7-4668-BE54-9A1E7A4F7556}") = "Business", "Business\Business.csproj", "{F7CC5565-2EFC-4CEA-A98F-124531E8C9E0}"
EndProject
Project("{9A19103F-16F7-4668-BE54-9A1E7A4F7556}") = "Entities", "Entities\Entities.csproj", "{883146B5-19AB-45E6-A896-66A9409AC8CB}"
EndProject
Project("{9A19103F-16F7-4668-BE54-9A1E7A4F7556}") = "ConsoleUI", "ConsoleUI\ConsoleUI.csproj", "{ECEDD393-DF51-48E5-A45E-15C22F8C6006}"
EndProject
Project("{9A19103F-16F7-4668-BE54-9A1E7A4F7556}") = "Core", "Core\Core.csproj", "{B3A7BE88-F67B-4B39-97B1-EE5357189207}"
EndProject
Project("{FAE04EC0-301F-11D3-BF4B-00C04F79EFBC}") = "WebAPI", "WebAPI\WebAPI.csproj", "{49C97DEF-04F5-4F6A-A159-B93F705CF309}"
EndProject
Global
	GlobalSection(SolutionConfigurationPlatforms) = preSolution
		Debug|Any CPU = Debug|Any CPU
		Release|Any CPU = Release|Any CPU
	EndGlobalSection
	GlobalSection(ProjectConfigurationPlatforms) = postSolution
		{7B846AE2-BDB7-4F5E-9FCB-2623BB9A791B}.Debug|Any CPU.ActiveCfg = Debug|Any CPU
		{7B846AE2-BDB7-4F5E-9FCB-2623BB9A791B}.Debug|Any CPU.Build.0 = Debug|Any CPU
		{7B846AE2-BDB7-4F5E-9FCB-2623BB9A791B}.Release|Any CPU.ActiveCfg = Release|Any CPU
		{7B846AE2-BDB7-4F5E-9FCB-2623BB9A791B}.Release|Any CPU.Build.0 = Release|Any CPU
		{F7CC5565-2EFC-4CEA-A98F-124531E8C9E0}.Debug|Any CPU.ActiveCfg = Debug|Any CPU
		{F7CC5565-2EFC-4CEA-A98F-124531E8C9E0}.Debug|Any CPU.Build.0 = Debug|Any CPU
		{F7CC5565-2EFC-4CEA-A98F-124531E8C9E0}.Release|Any CPU.ActiveCfg = Release|Any CPU
		{F7CC5565-2EFC-4CEA-A98F-124531E8C9E0}.Release|Any CPU.Build.0 = Release|Any CPU
		{883146B5-19AB-45E6-A896-66A9409AC8CB}.Debug|Any CPU.ActiveCfg = Debug|Any CPU
		{883146B5-19AB-45E6-A896-66A9409AC8CB}.Debug|Any CPU.Build.0 = Debug|Any CPU
		{883146B5-19AB-45E6-A896-66A9409AC8CB}.Release|Any CPU.ActiveCfg = Release|Any CPU
		{883146B5-19AB-45E6-A896-66A9409AC8CB}.Release|Any CPU.Build.0 = Release|Any CPU
		{ECEDD393-DF51-48E5-A45E-15C22F8C6006}.Debug|Any CPU.ActiveCfg = Debug|Any CPU
		{ECEDD393-DF51-48E5-A45E-15C22F8C6006}.Debug|Any CPU.Build.0 = Debug|Any CPU
		{ECEDD393-DF51-48E5-A45E-15C22F8C6006}.Release|Any CPU.ActiveCfg = Release|Any CPU
		{ECEDD393-DF51-48E5-A45E-15C22F8C6006}.Release|Any CPU.Build.0 = Release|Any CPU
		{B3A7BE88-F67B-4B39-97B1-EE5357189207}.Debug|Any CPU.ActiveCfg = Debug|Any CPU
		{B3A7BE88-F67B-4B39-97B1-EE5357189207}.Debug|Any CPU.Build.0 = Debug|Any CPU
		{B3A7BE88-F67B-4B39-97B1-EE5357189207}.Release|Any CPU.ActiveCfg = Release|Any CPU
		{B3A7BE88-F67B-4B39-97B1-EE5357189207}.Release|Any CPU.Build.0 = Release|Any CPU
		{49C97DEF-04F5-4F6A-A159-B93F705CF309}.Debug|Any CPU.ActiveCfg = Debug|Any CPU
		{49C97DEF-04F5-4F6A-A159-B93F705CF309}.Debug|Any CPU.Build.0 = Debug|Any CPU
		{49C97DEF-04F5-4F6A-A159-B93F705CF309}.Release|Any CPU.ActiveCfg = Release|Any CPU
		{49C97DEF-04F5-4F6A-A159-B93F705CF309}.Release|Any CPU.Build.0 = Release|Any CPU
	EndGlobalSection
	GlobalSection(SolutionProperties) = preSolution
		HideSolutionNode = FALSE
	EndGlobalSection
	GlobalSection(ExtensibilityGlobals) = postSolution
		SolutionGuid = {A97CDA59-4596-4942-AC6C-A9D704ACAA9D}
	EndGlobalSection
EndGlobal
